
Microsoft Visual Studio Solution File, Format Version 12.00
# Visual Studio Version 16
VisualStudioVersion = 16.0.31313.79
MinimumVisualStudioVersion = 10.0.40219.1
Project("{9A19103F-16F7-4668-BE54-9A1E7A4F7556}") = "dockerdeneme", "dockerdeneme.csproj", "{B4EE5408-0B84-4D0C-B0C7-CC4F584AFD5F}"
EndProject
Global
	GlobalSection(SolutionConfigurationPlatforms) = preSolution
		Debug|Any CPU = Debug|Any CPU
		Release|Any CPU = Release|Any CPU
	EndGlobalSection
	GlobalSection(ProjectConfigurationPlatforms) = postSolution
		{B4EE5408-0B84-4D0C-B0C7-CC4F584AFD5F}.Debug|Any CPU.ActiveCfg = Debug|Any CPU
		{B4EE5408-0B84-4D0C-B0C7-CC4F584AFD5F}.Debug|Any CPU.Build.0 = Debug|Any CPU
		{B4EE5408-0B84-4D0C-B0C7-CC4F584AFD5F}.Release|Any CPU.ActiveCfg = Release|Any CPU
		{B4EE5408-0B84-4D0C-B0C7-CC4F584AFD5F}.Release|Any CPU.Build.0 = Release|Any CPU
	EndGlobalSection
	GlobalSection(SolutionProperties) = preSolution
		HideSolutionNode = FALSE
	EndGlobalSection
	GlobalSection(ExtensibilityGlobals) = postSolution
		SolutionGuid = {C5F50248-71E8-49A2-B234-CC936D98D84D}
	EndGlobalSection
EndGlobal
